# This file is automatically @generated by Cargo.
# It is not intended for manual editing.
version = 4

[[package]]
name = "ade_codec"
version = "0.1.0"

[[package]]
name = "ade_core"
version = "0.1.0"

[[package]]
name = "ade_crypto"
version = "0.1.0"

[[package]]
name = "ade_node"
version = "0.1.0"

[[package]]
name = "ade_runtime"
version = "0.1.0"

[[package]]
name = "ade_testkit"
version = "0.1.0"

[[package]]
name = "ade_types"
version = "0.1.0"
