# PREPROD-ENTRY-AUTHORITY P6 (DC-STORE-12) — the semantics-bearing surface lock.
#
# WHAT THIS IS FOR
# ----------------
# `STORE_SEMANTICS_VERSION` records which PRODUCTION rules wrote a durable store's derived bytes. A
# version constant that must be REMEMBERED gets forgotten exactly once, which is all it takes -- P4
# (e1de7a2e) is the proof. So the surface below is content-hashed, and any drift fails
# `ci/ci_check_store_semantics_lock.sh` until the change is reconciled here.
#
# Reconciling forces ONE OF TWO EXPLICIT CHOICES, never a silent third:
#
#   1. BUMP  -- the change alters authoritative production rules, so a store written by the previous
#              binary is no longer replay-equivalent. Append an entry with an INCREASED
#              `store_semantics_version` and bump the constant in
#              `crates/ade_ledger/src/store_semantics.rs`.
#   2. NEUTRAL -- the change provably does not alter what the rules PRODUCE (comments, refactors,
#              tests, error wording). Append an entry with `semantics_neutral = true`, the SAME
#              version, and a rationale naming why.
#
# WHY NOT A GOLDEN-CORPUS TRIGGER
# -------------------------------
# The intuitive alternative -- pin a replay-corpus output fingerprint and treat drift as a semantics
# change -- WOULD HAVE MISSED P3, the very change this mechanism exists to catch. P3 altered the
# authoritative epoch rule and did not move the mainnet corpus at all: preview was spared "by numeric
# accident", and preprod is not in the corpus. A behavioural trigger measured against a mainnet-shaped
# corpus is structurally blind to venue-geometry defects. A content trigger is not.
#
# The cost is real and accepted: a comment-only edit inside the surface trips the gate. Declaring
# `semantics_neutral = true` takes one line, and the friction is the point -- it converts "remember to
# think about whether this changes stored meaning" into "state, on the record, that it does not".

# The declared semantics-bearing surface. Files whose content determines what authoritative ledger,
# epoch, and leadership production WRITES into a durable store.
[surface]
files = [
  # --- authoritative ledger application + epoch boundary ---
  "crates/ade_ledger/src/rules.rs",
  "crates/ade_ledger/src/state.rs",
  "crates/ade_ledger/src/epoch.rs",
  "crates/ade_ledger/src/phase.rs",
  # --- reduced-validation plane (what a track_utxo=false follower persists) ---
  "crates/ade_ledger/src/reduced_boundary.rs",
  "crates/ade_ledger/src/reduced_advance.rs",
  "crates/ade_ledger/src/reduced_aggregate.rs",
  "crates/ade_ledger/src/reduced_snapshot.rs",
  "crates/ade_ledger/src/reduced_utxo.rs",
  "crates/ade_ledger/src/reduced_epoch_view.rs",
  # --- governance / reward production that lands in durable state ---
  "crates/ade_ledger/src/governance.rs",
  "crates/ade_ledger/src/bootstrap_reward_update.rs",
  # PREPROD-NONCE-2: the bootstrap bridge DETERMINES eta0(seed+1) that lands in a durable
  # activation record. It was missing from this surface until NONCE-1 proved its commitment wrong.
  "crates/ade_ledger/src/bootstrap_bridge.rs",
  # PREPROD-NONCE-2 CE-N2-4: epoch_wire DECIDES the nonce every durable activation record commits
  # (activation_record_for is a pure projection of the view this file binds). The gap was
  # DEMONSTRATED, not guessed: CE-N2-4 changed that value for the seed+1 boundary and this gate only
  # fired because of an unrelated rename in bootstrap_bridge.rs.
  "crates/ade_node/src/epoch_wire.rs",
  # BND-2d: the reduced checkpoint's DURABLE TABLE SET is semantics-bearing -- what the authority
  # keeps, what it destroys, and what it retains for another derived store to read. The BND-2d
  # retention lives entirely in this file; a later change to its meaning that touched only this file
  # would otherwise pass the lock in silence, which is the v3->v4 lesson generalized.
  "crates/ade_runtime/src/chaindb/reduced_utxo_checkpoint.rs",
  # --- the fingerprint the WAL chain is built from ---
  "crates/ade_ledger/src/fingerprint.rs",
  # --- epoch/leadership authority derived into the accumulator ---
  "crates/ade_ledger/src/epoch_accumulator.rs",
  "crates/ade_ledger/src/frozen_leadership.rs",
  "crates/ade_ledger/src/consensus_view.rs",
  # --- consensus geometry + nonce evolution that the above depend on ---
  "crates/ade_core/src/consensus/era_schedule.rs",
  "crates/ade_core/src/consensus/nonce.rs",
  "crates/ade_core/src/consensus/praos_state.rs",
  "crates/ade_core/src/consensus/leader_schedule.rs",
]

# Append-only log. The LAST entry must match the computed hash and the code constant.
[[entry]]
store_semantics_version = 1
surface_hash = "5a61c06e389b3890b286ac5dc8ae976eceea7181cdfe31276e2d3949fc03666e"
semantics_neutral = false
rationale = "P6 initial declaration. Version 1 is the first MARKED generation; every store produced before this point is unmarked and is rejected as legacy (no stamp path, by design -- see crates/ade_ledger/src/store_semantics.rs)."

[[entry]]
store_semantics_version = 1
surface_hash = "d43885e23dbcca95ae07fafd37fa2b1b7625895aa75644080401b8b16d6df4a0"
semantics_neutral = true
rationale = "P6-S5 multi-venue differential (DC-EPOCH-37). state.rs changed by APPENDING tests only, inside its existing #[cfg(test)] module: a VENUES geometry table, three per-venue property tests, and the P3 regression pin. No production item was added, removed or altered -- detect_epoch_transition, check_epoch_agreement, mainnet_shelley_schedule and every other non-test item are byte-identical, so nothing a store records can differ. Verified by the ade_ledger suite staying green at 1022 with only new tests added."

[[entry]]
store_semantics_version = 1
surface_hash = "9a7b879e439b3980038a28ab7dff01f201032a04cf9f9dccc21a205586d21d03"
semantics_neutral = true
rationale = "PREPROD-NONCE-2: the SURFACE DECLARATION is widened to include crates/ade_ledger/src/bootstrap_bridge.rs; no production rule changed, so no store written by the previous binary becomes invalid. The omission was a real gap in the P6 surface list -- bootstrap_bridge DETERMINES eta0(seed+1), which lands in a durable activation record, and NONCE-1 proved that commitment wrong on preprod 304->305 while the file sat outside the hashed surface. Adding it means a future change to bridge nonce derivation can no longer alter durable authority without forcing the bump-or-declare decision."

[[entry]]
store_semantics_version = 1
surface_hash = "9e3798fc49b0bb866f3b809dc08c7be6ad861fab35f87f0bbc887b995881eb25"
semantics_neutral = true
rationale = "PREPROD-NONCE-2 CE-N2-4 step 1: bootstrap_bridge.rs gains the PURE decision `bridge_eta0_finality` (+ tests) and nothing else. No durable field, encoding, canonical commitment or produced value changes -- the bridge is still built byte-identically when the seed is post-freeze, and refused when it is not. The function only NAMES a condition the FirstRun guard already enforced inline; consolidating both onto it removes a duplicate-arithmetic desync risk. Declared neutral because no store written by the previous binary becomes invalid."

[[entry]]
store_semantics_version = 2
surface_hash = "cbc4f29e808f8c9b18e8b0afb2a260b376b4678954053b077e85bc86065cba1d"
semantics_neutral = false
rationale = "PREPROD-NONCE-2 CE-N2-4 -- a REAL semantics change, plus a surface widening that this change itself demonstrated was needed. WHAT CHANGED: the seed+1 bootstrap-bridge boundary now commits the BOUNDARY-TICK eta0 into its durable activation record instead of the bridge's seed-time projection (epoch_wire::bind_bridge_view takes the final eta0 as a required argument and no longer reads the stored field). For a seed that PRECEDED the candidate freeze the two values differ -- preprod 304->305 wrote nonce_commitment = e3402a2b.. where cardano-node's epochNonce(305) is 74f10bea.. -- so a store written by an earlier binary is NOT replay-equivalent under this one: warm-start would re-derive the tick and fail EpochViewPostPromotionMismatch, the exact opaque terminal this version exists to convert into a typed re-bootstrap. Hence a BUMP to 2, not a neutral declaration. Note the direction of the risk: the immediately-previous binary (81df0bac) refused to bootstrap pre-freeze at all, so ITS stores are all post-freeze and would agree; the stores this invalidates are the pre-81df0bac ones, including the preserved preprod reproducer. Choosing neutral on that reasoning would be the P4 mistake in miniature -- relying on which generation happens to be on disk instead of on the marker. SURFACE WIDENING: crates/ade_node/src/epoch_wire.rs is added because it DECIDES the nonce every durable activation record commits (epoch_activation::activation_record_for is a pure projection of the view epoch_wire binds, making no value decisions of its own). This is the same gap 81df0bac closed for bootstrap_bridge.rs, but demonstrated rather than hypothesized: CE-N2-4 altered durable authority and this gate fired ONLY because of an unrelated field rename in bootstrap_bridge.rs. Also included in the hash: bootstrap_bridge.rs field rename epoch_nonce -> seed_time_eta0 (wire-neutral -- positional CBOR, so encoding, canonical_commitment and every existing durable byte are unchanged; the rename exists so the field cannot be read as authority)."

[[entry]]
store_semantics_version = 3
surface_hash = "4796d7a391c730616994a6d2417635246a45775d9de5c8b96076d7f3d1835dde"
semantics_neutral = false
rationale = "CRE-S7 -- an unambiguous production-rule change, and exactly the case this mechanism exists for. governance.rs widens the Conway ParameterChange enactment subset to include key 16 (minPoolCost) alongside the memory-only exec-units keys 20/21. Before: a ratified action touching key 16 landed in unsupported_fields and the whole boundary refused (UnsupportedRatifiedAction), enacting nothing. After: it enacts, so pparams.min_pool_cost CHANGES -- and min_pool_cost is written into the protocol-params fingerprint (fingerprint.rs:497) and the durable snapshot (snapshot/gov_state.rs). Replaying identical blocks under this binary therefore yields different durable authority bytes than under the previous one, which is the definition of not replay-equivalent. Hence BUMP 2 -> 3. PROVEN against the reference rather than asserted: cardano-cli conway query gov-state on preprod puts e641ec80..#0 at prevGovActionIds.PParamUpdate, and diffing previousPParams vs currentPParams shows exactly the three fields it enacted -- minPoolCost 170,000,000 -> 75,000,000, maxTxExUnits mem 16.5M -> 17.5M and maxBlockExUnits mem 72M -> 77.5M with both steps preserved. The two exec-units changes were already in the supported subset, so Ade was ONE parameter short of enacting preprod's real update; that one parameter is what stalled the 304->305 accumulator cross. Note the deliberate consequence: this INVALIDATES the CRE-S7 reproducer store (~/.cardano-live1/ade-preprod-p2, stamped v2), which is correct -- a store whose boundary was crossed under the old enactment rules must not be reused to prove the new ones. The classification argument is recorded in full in the slice doc: minPoolCost is read by NO ledger rule, so it is inert in COMPUTATION, but it is LIVE in the FINGERPRINT, and declining to enact it would leave Ade permanently at 170,000,000 against the chain's 75,000,000 inside fingerprinted durable state -- the P4 failure shape. Also in this hash: the UnsupportedRatifiedAction terminal gains an unsupported_keys operand and CanonicalFieldSet renders keys by name, which are diagnostic-only and change no produced value."

[[entry]]
store_semantics_version = 3
surface_hash = "bff574e3ae00b355a2478261d6ed93cf76ea675497d76d64b4e79b33fe2185d7"
semantics_neutral = true
rationale = "LIVE-2 CE-L2-6: consensus_view.rs gains ONE additive read-only accessor, PoolDistrView::pool_count() -> usize, and nothing else. No durable field, encoding, canonical commitment or produced value changes; every existing item is byte-identical, so no store written by the previous binary becomes invalid and no replay output moves. It exists so the forge path can tell \"our pool is absent from a POPULATED leadership set\" (a legitimate not-elected answer) from \"the leadership set is EMPTY\" (authority never established, which can answer nothing) -- both of which make leader_schedule_answer return UnknownPool. The behaviour change that consumes it lives in crates/ade_node/src/produce_mode.rs, which is deliberately NOT on this surface: it decides what Ade FORGES, not what authoritative production writes into a durable store. Declared neutral on that basis."

[[entry]]
store_semantics_version = 3
surface_hash = "c58bad6d3154e7cddc0b007bf0f634539969cc5013128174772fb343b9bcf7f3"
semantics_neutral = true
rationale = "LIVE-2b canonical forge-slot authority. era_schedule.rs gains slot_at() + SlotDerivationError + tests, and NOTHING existing changes: EraSchedule, EraSummary, praos_rsw_slots, locate() and every other item are byte-identical. This is an ADDITIVE wall-clock -> logical-slot conversion for the FORGE path. It changes which slot Ade may attempt to forge; it does NOT reinterpret ChainDB blocks, accumulator state, reduced checkpoints, fingerprints or WAL history, no persisted forge/tick artifact is decoded under new meaning, and replay of existing durable records is unaffected -- so no store written by the previous binary becomes invalid. Declared neutral on the explicit ruling that forge SCHEDULING changes are not by themselves a store-semantics change; this would be reassessed only if a persisted forge artifact were later decoded under new meaning."

[[entry]]
store_semantics_version = 3
surface_hash = "eb9e22c319e8e596f9d6329cbad611e2b74a7d060a3b310db2706b7d8b82f102"
semantics_neutral = true
rationale = "LIVE-2c colour correction: era_schedule.rs slot_at's doc comment is rewritten to classify it BLUE (authoritative) rather than GREEN (glue), because the SlotNo it returns selects the KES period, drives leadership evaluation, enters the block header and is signed. COMMENT ONLY -- not one line of executable code changed, so nothing a store records can differ. Declared neutral on that basis. Recorded rather than waved through because the gate exists precisely so a comment-only edit inside the hashed surface still forces the bump-or-declare decision to be stated on the record."

[[entry]]
store_semantics_version = 3
surface_hash = "25bc0b28766df8585322c31aba4f918de93e54c376fd012454e7e64869493966"
semantics_neutral = true
rationale = "LIVE-2c scope guard: era_schedule.rs gains ONE test (non_timing_fields_cannot_influence_slot_derivation) inside its existing #[cfg(test)] module and nothing else. No production item added, removed or altered -- slot_at, EraSchedule, EraSummary, praos_rsw_slots, locate() are byte-identical, so nothing a store records can differ. The test asserts that holding timing fields constant, arbitrary changes to era / start_epoch / epoch_length_slots / safe_zone_slots / RSW cannot move slot_at for any instant -- making Ade's Conway-only execution boundary MECHANICAL rather than documented. Declared neutral: a test-only addition."

[[entry]]
store_semantics_version = 3
surface_hash = "450a48ef5df7f756aec3645e89c3c539aba71639bb4b8b5fb714db0d9cd09b0d"
semantics_neutral = true
rationale = "LIVE-2c DerivedTimingAnchor: era_schedule.rs gains an ADDITIVE compact timing projection (DerivedTimingAnchor + ScheduleCommitment + schedule_timing_commitment + TimingAnchorError) and its tests. Every pre-existing item -- EraSchedule, EraSummary, slot_at, praos_rsw_slots, locate() -- is byte-identical, and the new type is not yet wired into any production path, so nothing a store records can differ and no durable artifact gains a schedule commitment. Declared neutral. Note the reassessment trigger stands for the WIRING slice: a bump becomes required if a snapshot, checkpoint, WAL, store metadata or fingerprint later carries this commitment, or if a persisted schedule field changes meaning from snapshot-local to absolute slot authority."

[[entry]]
store_semantics_version = 3
surface_hash = "53fe8c158c9d9fa56b47676c0b13ba83edbca027c4da4db282ce79cef7396112"
semantics_neutral = true
rationale = "LIVE-2c domain-start ruling: era_schedule.rs gains slot_start_time_ms (the canonical inverse of slot_at) and DerivedTimingAnchor::derive_for_bootstrap_anchor, plus tests. Additive and still UNWIRED -- every pre-existing item is byte-identical, no production path calls either yet, and no durable artifact gains a commitment, so nothing a store records can differ. Declared neutral. The purpose is determinism across restarts: the anchor domain is a function of a bootstrap FACT (the verified anchor slot) rather than of process start / wall clock / peer tip / operator input, so the same bootstrap anchor plus the same timing history reconstructs the same anchor whenever it is rebuilt. The reassessment trigger stands for the activation slice."

[[entry]]
store_semantics_version = 5
surface_hash = "e9e5fe3c691bfd93f18892cf3ad1dbd68f9fdfabb457f0ea5dd5bd9f6b9085cb"
semantics_neutral = false
rationale = "BND-2a + BND-2c, reconciled TOGETHER and recorded late -- see the process note at the end. (v4, BND-2a) The UTxO effect of a transaction is now gated by its phase-2 validity: a phase-2-INVALID tx removes only its COLLATERAL inputs and adds only its collateral return, its ordinary inputs survive and its ordinary outputs are never created (Cardano.Ledger.Babbage.Rules.Utxo, Phase2Invalid). Earlier binaries applied every tx's ordinary inputs/outputs regardless of validity and never consumed collateral, so replaying the SAME canonical blocks produces a DIFFERENT reduced UTxO and therefore a different stake view, which seals frozen leadership at every boundary. Live-proven: a v3 store is refused with StoreSemanticsVersionMismatch{found:Version(3),required:4,action:RebootstrapRequired}, exit 1. (v5, BND-2c) The accumulator now APPLIES the Phase2Invalid transition instead of refusing it: ordinary body effects (certs, withdrawals, votes, proposals) are DISCARDED -- including at the single cert walk in process_block_certificates, which previously applied every tx's certs and relied on the now-removed guard fail-closing first -- and the consumed collateral (collAdaBalance over the RESOLVED collateral inputs) is credited to the fee pot. NOT neutral on either count. CAVEAT recorded rather than hidden: the collateral-resolution half is NOT live-proven (DC-LEDGER-03 is registered `partial`) -- the live v5 run refused at preprod 130,350,133 with CollateralBalance(UnresolvedCollateralInput) because the reduced checkpoint sits at the durable TIP during the accumulator's walk rather than at the accumulator's cursor. The bump stands independently, because the cert/governance discard alone changes what the same blocks produce. PROCESS NOTE: the v3->v4 bump was made without running this gate, so no entry was recorded for it at the time; the omission was found by auditing the last 100 commits, and v4's own surface hash is no longer reconstructible. Rather than fabricate one, both bumps are reconciled in this single entry against the CURRENT surface. The gate did its job -- it refused to pass until the choice was stated -- and the lesson is that a STORE_SEMANTICS_VERSION edit must run ci_check_store_semantics_lock.sh in the same commit."

[[entry]]
store_semantics_version = 6
surface_hash = "275170827b5c465be8dfefce828473f5dc63cbd9d3723d56e5687569d93b59fb"
semantics_neutral = false
rationale = "BND-2d (INV-BND-2d), the positioning contract for a collateral valuation. The reduced UTxO authority now RETAINS the TxIn -> Coin binding of every collateral input it destroys under Cardano's Phase2Invalid rule, written in the SAME redb transaction that advances its cursor. WHY IT IS NOT NEUTRAL: a v5 checkpoint holds no retention for any block it has already applied, and the co-advancer drives the checkpoint to the durable tip at the end of every pass, so at accumulator-walk time the authority is routinely PAST the consuming block and the entry is legitimately gone. Under a v6 binary a v5 store would therefore refuse at every past phase-2-invalid block -- replaying the same canonical blocks does not reproduce the same accumulator state. Measured live on preprod 2026-08-16: checkpoint at ~130,550,441, accumulator at 130,350,114, collateral input 0326ab20...#1 already spent by block 130,350,133, CollateralBalance(UnresolvedCollateralInput), cursor pinned. SURFACE CHANGE IN THE SAME ENTRY: crates/ade_runtime/src/chaindb/reduced_utxo_checkpoint.rs is ADDED to the hashed surface. It defines the durable table set of a semantics-bearing store, the BND-2d retention lives entirely in it, and a later change to the retention's meaning that touched only that file would otherwise pass this gate in silence -- the v3->v4 omission lesson, generalized from 'remember to bump' to 'let the gate see the file'. VALIDITY-BLIND CORRECTION (found by ci_check_phase2_invalid_utxo_effect.sh during this slice, not by review): the retention naming was first written as an `if invalid` branch inside reduced_advance::process_one_tx, which broke INV-BND-2a's consumer rule -- consumers apply what the derivation names and never branch on the phase-2 flag, so the two readings cannot drift. The naming moved INTO the single derivation as TxUtxoEffect.collateral_consumed (empty for a phase-2-valid tx), so rules.rs is in this surface hash too. The gate was fixed, not weakened. WHAT DOES NOT CHANGE: reduced_block_delta's spent/produced are byte-identical (only an additive naming field), and compute_fingerprint still iterates the reduced table alone, so the checkpoint commitment sealed into frozen leadership is unchanged for the same chain prefix -- asserted by the_retention_does_not_move_the_checkpoint_commitment."

[[entry]]
store_semantics_version = 7
surface_hash = "48b617d0a4b24302c9c8f1f0b668a78ad7a2b2f3ddf13c26497b3b599a9a5739"
semantics_neutral = false
rationale = "LV-1 (DC-EPOCH-40), the leader-check sigma denominator. (Hash reconciled once within this same uncommitted slice, when the rule id was corrected from a wrongly-chosen DC-EPOCH-47 to the next free 40; comment-only, no semantic change, and recorded here rather than appended as a second v7 entry.) FrozenLeadershipPoolDistr gains total_active_stake -- cardano's pdTotalActiveStake -- and to_pool_distr_view READS it instead of summing the pool entries; StakeSnapshot::total_active_stake is the single definition, folded over the CREDENTIAL side (delegations), and both the boundary freeze and the bootstrap mark import call it. FROZEN_LEADERSHIP_SCHEMA_VERSION 6 -> 7 with it (the outer array grows 6 -> 7). WHY IT IS NOT NEUTRAL: the object is durable, canonically encoded and hash-committed, and a v6 object has NO total to read. Reconstructing one by summing its surviving entries is precisely the defect, so a v6 store is refused rather than reinterpreted. Replaying the same canonical blocks under a v7 binary yields a different sigma for every pool at any boundary where the leadership membership filter drops or admits stake, hence a different leader schedule. ORACLE, quoted at TWO points in cardano-ledger's history so the finding is not an artefact of one release: Conway (cardano-ledger-conway-1.17.0.0) computes `let total = sumAllStakeCompact stake` where `sumAllStakeCompact = VMap.foldl (<>) mempty . unStake`; master computes `ssTotalActiveStake = sumAllActiveStake ssActiveStake` in mkSnapShot and calculatePoolDistr' then merely copies it (`pdTotalActiveStake = activeStake`). In BOTH, the denominator is folded over the STAKE/credential map and the membership guards (includeHash, spssNumDelegators > 0) filter unPoolDistr ONLY, running AFTER the total is fixed -- so which pools appear cannot change it. Ade summed self.pools, the set surviving delegated_pools INTERSECT registered_pool_vrfs, making every pool's sigma a function of the membership filter. MEASURED on preprod: at epoch 306 a RETIRED pool (8ed5ab11...eea88, 63,075,223,742,053 = 3.879% of the summed total) sits in the leadership set and is absent at 307, inflating the denominator by 3.879%, deflating every sigma by 2.9%, and deterministically rejecting a real preprod header with LeaderValueAboveThreshold where only +0.0315% of sigma was needed. WRONG IN BOTH DIRECTIONS, and the other one is worse: stake cardano counts behind a pool Ade filtered out deflates the denominator, inflates every sigma and every threshold, and would make Ade ACCEPT a header cardano rejects -- a silent consensus divergence on the receive path. MEMBERSHIP IS UNCHANGED and is CORRECT per the same oracle (numDelegators > 0 intersected with registered VRFs, retaining pools retiring at the boundary); DC-EPOCH-24/25 are not re-opened, and the retired pool STAYS in the set. The fix is the denominator's derivation alone. NOT CLAIMED: the VALUE of ssTotalActiveStake at the 304->305 boundary is not confirmed against a reference (the epoch-306 nesPd no longer exists on disk), and the census's separate ~0.8% epoch-306 numerator gap is unexplained and NOT addressed here."
